
Microsoft Visual Studio Solution File, Format Version 12.00
# Visual Studio Version 17
VisualStudioVersion = 17.14.36301.6 d17.14
MinimumVisualStudioVersion = 10.0.40219.1
Project("{FAE04EC0-301F-11D3-BF4B-00C04F79EFBC}") = "Upg. 5", "Upg. 5\Upg. 5.csproj", "{600BA562-9712-4F30-AAD1-297C2426ACCE}"
EndProject
Global
	GlobalSection(SolutionConfigurationPlatforms) = preSolution
		Debug|Any CPU = Debug|Any CPU
		Release|Any CPU = Release|Any CPU
	EndGlobalSection
	GlobalSection(ProjectConfigurationPlatforms) = postSolution
		{600BA562-9712-4F30-AAD1-297C2426ACCE}.Debug|Any CPU.ActiveCfg = Debug|Any CPU
		{600BA562-9712-4F30-AAD1-297C2426ACCE}.Debug|Any CPU.Build.0 = Debug|Any CPU
		{600BA562-9712-4F30-AAD1-297C2426ACCE}.Release|Any CPU.ActiveCfg = Release|Any CPU
		{600BA562-9712-4F30-AAD1-297C2426ACCE}.Release|Any CPU.Build.0 = Release|Any CPU
	EndGlobalSection
	GlobalSection(SolutionProperties) = preSolution
		HideSolutionNode = FALSE
	EndGlobalSection
	GlobalSection(ExtensibilityGlobals) = postSolution
		SolutionGuid = {4F254022-6993-41A7-8B76-DEDB595CA8B2}
	EndGlobalSection
EndGlobal
