
Microsoft Visual Studio Solution File, Format Version 12.00
# Visual Studio Version 17
VisualStudioVersion = 17.14.36301.6 d17.14
MinimumVisualStudioVersion = 10.0.40219.1
Project("{FAE04EC0-301F-11D3-BF4B-00C04F79EFBC}") = "Upg. 9", "Upg. 9\Upg. 9.csproj", "{BAEB9853-9111-47B6-A37C-8191D0E28121}"
EndProject
Global
	GlobalSection(SolutionConfigurationPlatforms) = preSolution
		Debug|Any CPU = Debug|Any CPU
		Release|Any CPU = Release|Any CPU
	EndGlobalSection
	GlobalSection(ProjectConfigurationPlatforms) = postSolution
		{BAEB9853-9111-47B6-A37C-8191D0E28121}.Debug|Any CPU.ActiveCfg = Debug|Any CPU
		{BAEB9853-9111-47B6-A37C-8191D0E28121}.Debug|Any CPU.Build.0 = Debug|Any CPU
		{BAEB9853-9111-47B6-A37C-8191D0E28121}.Release|Any CPU.ActiveCfg = Release|Any CPU
		{BAEB9853-9111-47B6-A37C-8191D0E28121}.Release|Any CPU.Build.0 = Release|Any CPU
	EndGlobalSection
	GlobalSection(SolutionProperties) = preSolution
		HideSolutionNode = FALSE
	EndGlobalSection
	GlobalSection(ExtensibilityGlobals) = postSolution
		SolutionGuid = {5CFBF47A-87D6-46D6-9E02-6BB06779F521}
	EndGlobalSection
EndGlobal
